// !$*UTF8*$!
{
	archiveVersion = 1;
	classes = {
	};
	objectVersion = 46;
	objects = {

/* Begin PBXBuildFile section */
		1834B4FC1B5DDB0A0072EE82 /* AwesomeMenu.m in Sources */ = {isa = PBXBuildFile; fileRef = 1834B4F91B5DDB0A0072EE82 /* AwesomeMenu.m */; };
		1834B4FD1B5DDB0A0072EE82 /* AwesomeMenuItem.m in Sources */ = {isa = PBXBuildFile; fileRef = 1834B4FB1B5DDB0A0072EE82 /* AwesomeMenuItem.m */; };
		1834B4FF1B5DDE770072EE82 /* QuartzCore.framework in Frameworks */ = {isa = PBXBuildFile; fileRef = 1834B4FE1B5DDE770072EE82 /* QuartzCore.framework */; };
		1834B5031B5DDE980072EE82 /* iCarousel.m in Sources */ = {isa = PBXBuildFile; fileRef = 1834B5021B5DDE980072EE82 /* iCarousel.m */; };
		1834B5061B5DE9DB0072EE82 /* UIImage+DJExtension.m in Sources */ = {isa = PBXBuildFile; fileRef = 1834B5051B5DE9DB0072EE82 /* UIImage+DJExtension.m */; };
		1834B50F1B5DF0D30072EE82 /* DJ_Runtime.m in Sources */ = {isa = PBXBuildFile; fileRef = 1834B50E1B5DF0D30072EE82 /* DJ_Runtime.m */; };
		1834B5121B5DF1590072EE82 /* DJ_Singleton.m in Sources */ = {isa = PBXBuildFile; fileRef = 1834B5111B5DF1590072EE82 /* DJ_Singleton.m */; };
		1834B5151B5DF31B0072EE82 /* NSArray+DJExtension.m in Sources */ = {isa = PBXBuildFile; fileRef = 1834B5141B5DF31B0072EE82 /* NSArray+DJExtension.m */; };
		1834B5181B5DF49B0072EE82 /* NSObject+DJTypeConversion.m in Sources */ = {isa = PBXBuildFile; fileRef = 1834B5171B5DF49B0072EE82 /* NSObject+DJTypeConversion.m */; };
		1834B51B1B5DF5620072EE82 /* NSObject+DJJSON.m in Sources */ = {isa = PBXBuildFile; fileRef = 1834B51A1B5DF5620072EE82 /* NSObject+DJJSON.m */; };
		1834B51E1B5DF6670072EE82 /* NSDictionary+DJExtension.m in Sources */ = {isa = PBXBuildFile; fileRef = 1834B51D1B5DF6670072EE82 /* NSDictionary+DJExtension.m */; };
		1834B5211B5DFA6D0072EE82 /* DJBaseModel.m in Sources */ = {isa = PBXBuildFile; fileRef = 1834B5201B5DFA6D0072EE82 /* DJBaseModel.m */; };
		18CF8BED1B452FF700520270 /* main.m in Sources */ = {isa = PBXBuildFile; fileRef = 18CF8BEC1B452FF700520270 /* main.m */; };
		18CF8BF01B452FF700520270 /* AppDelegate.m in Sources */ = {isa = PBXBuildFile; fileRef = 18CF8BEF1B452FF700520270 /* AppDelegate.m */; };
		18CF8BF31B452FF700520270 /* ViewController.m in Sources */ = {isa = PBXBuildFile; fileRef = 18CF8BF21B452FF700520270 /* ViewController.m */; };
		18CF8BF61B452FF700520270 /* Main.storyboard in Resources */ = {isa = PBXBuildFile; fileRef = 18CF8BF41B452FF700520270 /* Main.storyboard */; };
		18CF8BF81B452FF700520270 /* Images.xcassets in Resources */ = {isa = PBXBuildFile; fileRef = 18CF8BF71B452FF700520270 /* Images.xcassets */; };
		18CF8BFB1B452FF700520270 /* LaunchScreen.xib in Resources */ = {isa = PBXBuildFile; fileRef = 18CF8BF91B452FF700520270 /* LaunchScreen.xib */; };
		18CF8C071B452FF700520270 /* DJ_FrameworkTests.m in Sources */ = {isa = PBXBuildFile; fileRef = 18CF8C061B452FF700520270 /* DJ_FrameworkTests.m */; };
		18CF8C191B4540C200520270 /* DJBaseViewController.m in Sources */ = {isa = PBXBuildFile; fileRef = 18CF8C181B4540C200520270 /* DJBaseViewController.m */; };
		18CF8C1C1B4540E900520270 /* DJBaseNavigationController.m in Sources */ = {isa = PBXBuildFile; fileRef = 18CF8C1B1B4540E900520270 /* DJBaseNavigationController.m */; };
		18CF8C1F1B45410900520270 /* DJBaseTabBarController.m in Sources */ = {isa = PBXBuildFile; fileRef = 18CF8C1E1B45410900520270 /* DJBaseTabBarController.m */; };
		18CF8C301B4542F300520270 /* 0.jpg in Resources */ = {isa = PBXBuildFile; fileRef = 18CF8C211B4542F300520270 /* 0.jpg */; };
		18CF8C311B4542F300520270 /* 1.jpg in Resources */ = {isa = PBXBuildFile; fileRef = 18CF8C221B4542F300520270 /* 1.jpg */; };
		18CF8C321B4542F300520270 /* 2.jpg in Resources */ = {isa = PBXBuildFile; fileRef = 18CF8C231B4542F300520270 /* 2.jpg */; };
		18CF8C331B4542F300520270 /* 3.jpg in Resources */ = {isa = PBXBuildFile; fileRef = 18CF8C241B4542F300520270 /* 3.jpg */; };
		18CF8C341B4542F300520270 /* 4.jpg in Resources */ = {isa = PBXBuildFile; fileRef = 18CF8C251B4542F300520270 /* 4.jpg */; };
		18CF8C351B4542F300520270 /* 5.jpg in Resources */ = {isa = PBXBuildFile; fileRef = 18CF8C261B4542F300520270 /* 5.jpg */; };
		18CF8C361B4542F300520270 /* 6.jpg in Resources */ = {isa = PBXBuildFile; fileRef = 18CF8C271B4542F300520270 /* 6.jpg */; };
		18CF8C371B4542F300520270 /* 7.jpg in Resources */ = {isa = PBXBuildFile; fileRef = 18CF8C281B4542F300520270 /* 7.jpg */; };
		18CF8C381B4542F300520270 /* 111.jpg in Resources */ = {isa = PBXBuildFile; fileRef = 18CF8C291B4542F300520270 /* 111.jpg */; };
		18CF8C391B4542F300520270 /* 222.jpg in Resources */ = {isa = PBXBuildFile; fileRef = 18CF8C2A1B4542F300520270 /* 222.jpg */; };
		18CF8C3A1B4542F300520270 /* 333.jpg in Resources */ = {isa = PBXBuildFile; fileRef = 18CF8C2B1B4542F300520270 /* 333.jpg */; };
		18CF8C3B1B4542F300520270 /* 444.jpg in Resources */ = {isa = PBXBuildFile; fileRef = 18CF8C2C1B4542F300520270 /* 444.jpg */; };
		18CF8C3C1B4542F300520270 /* 555.jpeg in Resources */ = {isa = PBXBuildFile; fileRef = 18CF8C2D1B4542F300520270 /* 555.jpeg */; };
		18CF8C3D1B4542F300520270 /* 666.jpg in Resources */ = {isa = PBXBuildFile; fileRef = 18CF8C2E1B4542F300520270 /* 666.jpg */; };
		18CF8C3E1B4542F300520270 /* 013834909.jpg in Resources */ = {isa = PBXBuildFile; fileRef = 18CF8C2F1B4542F300520270 /* 013834909.jpg */; };
		18D00BD91B461D22006556E8 /* FirstViewController.m in Sources */ = {isa = PBXBuildFile; fileRef = 18D00BD81B461D22006556E8 /* FirstViewController.m */; };
		18D00BDC1B461D2E006556E8 /* SecondViewController.m in Sources */ = {isa = PBXBuildFile; fileRef = 18D00BDB1B461D2E006556E8 /* SecondViewController.m */; };
		18D00BDF1B461D38006556E8 /* ThirdViewController.m in Sources */ = {isa = PBXBuildFile; fileRef = 18D00BDE1B461D38006556E8 /* ThirdViewController.m */; };
		18D00BE21B461D47006556E8 /* FourthViewController.m in Sources */ = {isa = PBXBuildFile; fileRef = 18D00BE11B461D47006556E8 /* FourthViewController.m */; };
		18D00C061B461F24006556E8 /* discover_red.png in Resources */ = {isa = PBXBuildFile; fileRef = 18D00BE41B461F24006556E8 /* discover_red.png */; };
		18D00C071B461F24006556E8 /* discover_red@2x.png in Resources */ = {isa = PBXBuildFile; fileRef = 18D00BE51B461F24006556E8 /* discover_red@2x.png */; };
		18D00C081B461F24006556E8 /* discover_red@3x.png in Resources */ = {isa = PBXBuildFile; fileRef = 18D00BE61B461F24006556E8 /* discover_red@3x.png */; };
		18D00C091B461F24006556E8 /* discover.png in Resources */ = {isa = PBXBuildFile; fileRef = 18D00BE71B461F24006556E8 /* discover.png */; };
		18D00C0A1B461F24006556E8 /* discover@2x.png in Resources */ = {isa = PBXBuildFile; fileRef = 18D00BE81B461F24006556E8 /* discover@2x.png */; };
		18D00C0B1B461F24006556E8 /* discover@3x.png in Resources */ = {isa = PBXBuildFile; fileRef = 18D00BE91B461F24006556E8 /* discover@3x.png */; };
		18D00C0C1B461F24006556E8 /* main_red@2x.png in Resources */ = {isa = PBXBuildFile; fileRef = 18D00BEA1B461F24006556E8 /* main_red@2x.png */; };
		18D00C0D1B461F24006556E8 /* main_red@3x.png in Resources */ = {isa = PBXBuildFile; fileRef = 18D00BEB1B461F24006556E8 /* main_red@3x.png */; };
		18D00C0E1B461F24006556E8 /* main@2x.png in Resources */ = {isa = PBXBuildFile; fileRef = 18D00BEC1B461F24006556E8 /* main@2x.png */; };
		18D00C0F1B461F24006556E8 /* main@3x.png in Resources */ = {isa = PBXBuildFile; fileRef = 18D00BED1B461F24006556E8 /* main@3x.png */; };
		18D00C101B461F24006556E8 /* myself_red.png in Resources */ = {isa = PBXBuildFile; fileRef = 18D00BEE1B461F24006556E8 /* myself_red.png */; };
		18D00C111B461F24006556E8 /* myself_red@2x.png in Resources */ = {isa = PBXBuildFile; fileRef = 18D00BEF1B461F24006556E8 /* myself_red@2x.png */; };
		18D00C121B461F24006556E8 /* myself_red@3x.png in Resources */ = {isa = PBXBuildFile; fileRef = 18D00BF01B461F24006556E8 /* myself_red@3x.png */; };
		18D00C131B461F24006556E8 /* myself.png in Resources */ = {isa = PBXBuildFile; fileRef = 18D00BF11B461F24006556E8 /* myself.png */; };
		18D00C141B461F24006556E8 /* myself@2x.png in Resources */ = {isa = PBXBuildFile; fileRef = 18D00BF21B461F24006556E8 /* myself@2x.png */; };
		18D00C151B461F24006556E8 /* myself@3x.png in Resources */ = {isa = PBXBuildFile; fileRef = 18D00BF31B461F24006556E8 /* myself@3x.png */; };
		18D00C161B461F24006556E8 /* new_red.png in Resources */ = {isa = PBXBuildFile; fileRef = 18D00BF41B461F24006556E8 /* new_red.png */; };
		18D00C171B461F24006556E8 /* new_red@2x.png in Resources */ = {isa = PBXBuildFile; fileRef = 18D00BF51B461F24006556E8 /* new_red@2x.png */; };
		18D00C181B461F24006556E8 /* new_red@3x.png in Resources */ = {isa = PBXBuildFile; fileRef = 18D00BF61B461F24006556E8 /* new_red@3x.png */; };
		18D00C191B461F24006556E8 /* new.png in Resources */ = {isa = PBXBuildFile; fileRef = 18D00BF71B461F24006556E8 /* new.png */; };
		18D00C1A1B461F24006556E8 /* new@2x.png in Resources */ = {isa = PBXBuildFile; fileRef = 18D00BF81B461F24006556E8 /* new@2x.png */; };
		18D00C1B1B461F24006556E8 /* new@3x.png in Resources */ = {isa = PBXBuildFile; fileRef = 18D00BF91B461F24006556E8 /* new@3x.png */; };
		18D00C1C1B461F24006556E8 /* newUser_red.png in Resources */ = {isa = PBXBuildFile; fileRef = 18D00BFA1B461F24006556E8 /* newUser_red.png */; };
		18D00C1D1B461F24006556E8 /* newUser_red@2x.png in Resources */ = {isa = PBXBuildFile; fileRef = 18D00BFB1B461F24006556E8 /* newUser_red@2x.png */; };
		18D00C1E1B461F24006556E8 /* newUser.png in Resources */ = {isa = PBXBuildFile; fileRef = 18D00BFC1B461F24006556E8 /* newUser.png */; };
		18D00C1F1B461F24006556E8 /* newUser@2x.png in Resources */ = {isa = PBXBuildFile; fileRef = 18D00BFD1B461F24006556E8 /* newUser@2x.png */; };
		18D00C201B461F24006556E8 /* wholesale_market_red@2x.png in Resources */ = {isa = PBXBuildFile; fileRef = 18D00BFE1B461F24006556E8 /* wholesale_market_red@2x.png */; };
		18D00C211B461F24006556E8 /* wholesale_market_red@3x.png in Resources */ = {isa = PBXBuildFile; fileRef = 18D00BFF1B461F24006556E8 /* wholesale_market_red@3x.png */; };
		18D00C221B461F24006556E8 /* wholesale_market@2x.png in Resources */ = {isa = PBXBuildFile; fileRef = 18D00C001B461F24006556E8 /* wholesale_market@2x.png */; };
		18D00C231B461F24006556E8 /* wholesale_market@3x.png in Resources */ = {isa = PBXBuildFile; fileRef = 18D00C011B461F24006556E8 /* wholesale_market@3x.png */; };
		18D00C241B461F24006556E8 /* wholesalemarket_red@2x.png in Resources */ = {isa = PBXBuildFile; fileRef = 18D00C021B461F24006556E8 /* wholesalemarket_red@2x.png */; };
		18D00C251B461F24006556E8 /* wholesalemarket_red@3x.png in Resources */ = {isa = PBXBuildFile; fileRef = 18D00C031B461F24006556E8 /* wholesalemarket_red@3x.png */; };
		18D00C261B461F24006556E8 /* wholesalemarket@2x.png in Resources */ = {isa = PBXBuildFile; fileRef = 18D00C041B461F24006556E8 /* wholesalemarket@2x.png */; };
		18D00C271B461F24006556E8 /* wholesalemarket@3x.png in Resources */ = {isa = PBXBuildFile; fileRef = 18D00C051B461F24006556E8 /* wholesalemarket@3x.png */; };
		18D00C2A1B4621DD006556E8 /* DJUserConfig.m in Sources */ = {isa = PBXBuildFile; fileRef = 18D00C291B4621DD006556E8 /* DJUserConfig.m */; };
		18D00C2D1B462222006556E8 /* DJUtilities.m in Sources */ = {isa = PBXBuildFile; fileRef = 18D00C2C1B462222006556E8 /* DJUtilities.m */; };
		18D00C311B4624F4006556E8 /* DJMakeGuideView.m in Sources */ = {isa = PBXBuildFile; fileRef = 18D00C301B4624F4006556E8 /* DJMakeGuideView.m */; };
		18D00C341B462618006556E8 /* DJLoginViewController.m in Sources */ = {isa = PBXBuildFile; fileRef = 18D00C331B462618006556E8 /* DJLoginViewController.m */; };
		18D00C371B462D8F006556E8 /* DJAccountTool.m in Sources */ = {isa = PBXBuildFile; fileRef = 18D00C361B462D8F006556E8 /* DJAccountTool.m */; };
		18D00C401B463793006556E8 /* DJHttpTool.m in Sources */ = {isa = PBXBuildFile; fileRef = 18D00C3F1B463793006556E8 /* DJHttpTool.m */; };
		18D00C431B463899006556E8 /* DJNetRequest.m in Sources */ = {isa = PBXBuildFile; fileRef = 18D00C421B463899006556E8 /* DJNetRequest.m */; };
		18D00C461B4638AF006556E8 /* DJAnalyzer.m in Sources */ = {isa = PBXBuildFile; fileRef = 18D00C451B4638AF006556E8 /* DJAnalyzer.m */; };
		18D00C4A1B463AEB006556E8 /* NSString+OKW.m in Sources */ = {isa = PBXBuildFile; fileRef = 18D00C491B463AEB006556E8 /* NSString+OKW.m */; };
		18D00C4D1B463AFF006556E8 /* UIBarButtonItem+OKW.m in Sources */ = {isa = PBXBuildFile; fileRef = 18D00C4C1B463AFF006556E8 /* UIBarButtonItem+OKW.m */; };
		18D00C501B463B14006556E8 /* UIImage+OKW.m in Sources */ = {isa = PBXBuildFile; fileRef = 18D00C4F1B463B14006556E8 /* UIImage+OKW.m */; };
		18D00C531B463B21006556E8 /* UIWebView+TS_JavaScriptContext.m in Sources */ = {isa = PBXBuildFile; fileRef = 18D00C521B463B21006556E8 /* UIWebView+TS_JavaScriptContext.m */; };
		18D00C5A1B463B88006556E8 /* DJDBQueueManager.m in Sources */ = {isa = PBXBuildFile; fileRef = 18D00C591B463B88006556E8 /* DJDBQueueManager.m */; };
		18D00C631B463DFD006556E8 /* DJMyButton.m in Sources */ = {isa = PBXBuildFile; fileRef = 18D00C621B463DFD006556E8 /* DJMyButton.m */; };
		18D00C661B463E32006556E8 /* DJMyImageRightButton.m in Sources */ = {isa = PBXBuildFile; fileRef = 18D00C651B463E32006556E8 /* DJMyImageRightButton.m */; };
		18D00C6A1B463E94006556E8 /* CoreAnimationEffect.m in Sources */ = {isa = PBXBuildFile; fileRef = 18D00C691B463E94006556E8 /* CoreAnimationEffect.m */; };
		18D00C6D1B465E4D006556E8 /* DJVerifyButton.m in Sources */ = {isa = PBXBuildFile; fileRef = 18D00C6C1B465E4D006556E8 /* DJVerifyButton.m */; };
		18D00C771B465EE5006556E8 /* gray_btn.png in Resources */ = {isa = PBXBuildFile; fileRef = 18D00C6F1B465EE5006556E8 /* gray_btn.png */; };
		18D00C781B465EE5006556E8 /* gray_btn@2x.png in Resources */ = {isa = PBXBuildFile; fileRef = 18D00C701B465EE5006556E8 /* gray_btn@2x.png */; };
		18D00C791B465EE5006556E8 /* greenButton_highlighted.png in Resources */ = {isa = PBXBuildFile; fileRef = 18D00C711B465EE5006556E8 /* greenButton_highlighted.png */; };
		18D00C7A1B465EE5006556E8 /* greenButton_highlighted@2x.png in Resources */ = {isa = PBXBuildFile; fileRef = 18D00C721B465EE5006556E8 /* greenButton_highlighted@2x.png */; };
		18D00C7B1B465EE5006556E8 /* greenButton.png in Resources */ = {isa = PBXBuildFile; fileRef = 18D00C731B465EE5006556E8 /* greenButton.png */; };
		18D00C7C1B465EE5006556E8 /* greenButton@2x.png in Resources */ = {isa = PBXBuildFile; fileRef = 18D00C741B465EE5006556E8 /* greenButton@2x.png */; };
		18D00C7D1B465EE5006556E8 /* lightGray_btn.png in Resources */ = {isa = PBXBuildFile; fileRef = 18D00C751B465EE5006556E8 /* lightGray_btn.png */; };
		18D00C7E1B465EE5006556E8 /* lightGray_btn@2x.png in Resources */ = {isa = PBXBuildFile; fileRef = 18D00C761B465EE5006556E8 /* lightGray_btn@2x.png */; };
		18D00D1E1B467AB5006556E8 /* LTPopButton.m in Sources */ = {isa = PBXBuildFile; fileRef = 18D00D1D1B467AB5006556E8 /* LTPopButton.m */; };
		18FC2E331B5CF307000F805C /* CoreMedia.framework in Frameworks */ = {isa = PBXBuildFile; fileRef = 18FC2E321B5CF306000F805C /* CoreMedia.framework */; };
		18FC2E3C1B5CF7B4000F805C /* UIColor+DJExtension.m in Sources */ = {isa = PBXBuildFile; fileRef = 18FC2E3B1B5CF7B4000F805C /* UIColor+DJExtension.m */; };
		18FC2E3F1B5CF9E5000F805C /* NSString+DJExtension.m in Sources */ = {isa = PBXBuildFile; fileRef = 18FC2E3E1B5CF9E5000F805C /* NSString+DJExtension.m */; };
		2EB6A0CED6C3F25270E6FF73 /* libPods.a in Frameworks */ = {isa = PBXBuildFile; fileRef = 423C463FF7D0B87DC8CC9992 /* libPods.a */; };
/* End PBXBuildFile section */

/* Begin PBXContainerItemProxy section */
		18CF8C011B452FF700520270 /* PBXContainerItemProxy */ = {
			isa = PBXContainerItemProxy;
			containerPortal = 18CF8BDF1B452FF700520270 /* Project object */;
			proxyType = 1;
			remoteGlobalIDString = 18CF8BE61B452FF700520270;
			remoteInfo = DJ_Framework;
		};
/* End PBXContainerItemProxy section */

/* Begin PBXFileReference section */
		1834B4F81B5DDB0A0072EE82 /* AwesomeMenu.h */ = {isa = PBXFileReference; fileEncoding = 4; lastKnownFileType = sourcecode.c.h; path = AwesomeMenu.h; sourceTree = "<group>"; };
		1834B4F91B5DDB0A0072EE82 /* AwesomeMenu.m */ = {isa = PBXFileReference; fileEncoding = 4; lastKnownFileType = sourcecode.c.objc; path = AwesomeMenu.m; sourceTree = "<group>"; };
		1834B4FA1B5DDB0A0072EE82 /* AwesomeMenuItem.h */ = {isa = PBXFileReference; fileEncoding = 4; lastKnownFileType = sourcecode.c.h; path = AwesomeMenuItem.h; sourceTree = "<group>"; };
		1834B4FB1B5DDB0A0072EE82 /* AwesomeMenuItem.m */ = {isa = PBXFileReference; fileEncoding = 4; lastKnownFileType = sourcecode.c.objc; path = AwesomeMenuItem.m; sourceTree = "<group>"; };
		1834B4FE1B5DDE770072EE82 /* QuartzCore.framework */ = {isa = PBXFileReference; lastKnownFileType = wrapper.framework; name = QuartzCore.framework; path = System/Library/Frameworks/QuartzCore.framework; sourceTree = SDKROOT; };
		1834B5011B5DDE980072EE82 /* iCarousel.h */ = {isa = PBXFileReference; fileEncoding = 4; lastKnownFileType = sourcecode.c.h; path = iCarousel.h; sourceTree = "<group>"; };
		1834B5021B5DDE980072EE82 /* iCarousel.m */ = {isa = PBXFileReference; fileEncoding = 4; lastKnownFileType = sourcecode.c.objc; path = iCarousel.m; sourceTree = "<group>"; };
		1834B5041B5DE9DB0072EE82 /* UIImage+DJExtension.h */ = {isa = PBXFileReference; fileEncoding = 4; lastKnownFileType = sourcecode.c.h; path = "UIImage+DJExtension.h"; sourceTree = "<group>"; };
		1834B5051B5DE9DB0072EE82 /* UIImage+DJExtension.m */ = {isa = PBXFileReference; fileEncoding = 4; lastKnownFileType = sourcecode.c.objc; path = "UIImage+DJExtension.m"; sourceTree = "<group>"; };
		1834B50D1B5DF0D30072EE82 /* DJ_Runtime.h */ = {isa = PBXFileReference; fileEncoding = 4; lastKnownFileType = sourcecode.c.h; path = DJ_Runtime.h; sourceTree = "<group>"; };
		1834B50E1B5DF0D30072EE82 /* DJ_Runtime.m */ = {isa = PBXFileReference; fileEncoding = 4; lastKnownFileType = sourcecode.c.objc; path = DJ_Runtime.m; sourceTree = "<group>"; };
		1834B5101B5DF1590072EE82 /* DJ_Singleton.h */ = {isa = PBXFileReference; fileEncoding = 4; lastKnownFileType = sourcecode.c.h; path = DJ_Singleton.h; sourceTree = "<group>"; };
		1834B5111B5DF1590072EE82 /* DJ_Singleton.m */ = {isa = PBXFileReference; fileEncoding = 4; lastKnownFileType = sourcecode.c.objc; path = DJ_Singleton.m; sourceTree = "<group>"; };
		1834B5131B5DF31B0072EE82 /* NSArray+DJExtension.h */ = {isa = PBXFileReference; fileEncoding = 4; lastKnownFileType = sourcecode.c.h; path = "NSArray+DJExtension.h"; sourceTree = "<group>"; };
		1834B5141B5DF31B0072EE82 /* NSArray+DJExtension.m */ = {isa = PBXFileReference; fileEncoding = 4; lastKnownFileType = sourcecode.c.objc; path = "NSArray+DJExtension.m"; sourceTree = "<group>"; };
		1834B5161B5DF49B0072EE82 /* NSObject+DJTypeConversion.h */ = {isa = PBXFileReference; fileEncoding = 4; lastKnownFileType = sourcecode.c.h; path = "NSObject+DJTypeConversion.h"; sourceTree = "<group>"; };
		1834B5171B5DF49B0072EE82 /* NSObject+DJTypeConversion.m */ = {isa = PBXFileReference; fileEncoding = 4; lastKnownFileType = sourcecode.c.objc; path = "NSObject+DJTypeConversion.m"; sourceTree = "<group>"; };
		1834B5191B5DF5620072EE82 /* NSObject+DJJSON.h */ = {isa = PBXFileReference; fileEncoding = 4; lastKnownFileType = sourcecode.c.h; path = "NSObject+DJJSON.h"; sourceTree = "<group>"; };
		1834B51A1B5DF5620072EE82 /* NSObject+DJJSON.m */ = {isa = PBXFileReference; fileEncoding = 4; lastKnownFileType = sourcecode.c.objc; path = "NSObject+DJJSON.m"; sourceTree = "<group>"; };
		1834B51C1B5DF6670072EE82 /* NSDictionary+DJExtension.h */ = {isa = PBXFileReference; fileEncoding = 4; lastKnownFileType = sourcecode.c.h; path = "NSDictionary+DJExtension.h"; sourceTree = "<group>"; };
		1834B51D1B5DF6670072EE82 /* NSDictionary+DJExtension.m */ = {isa = PBXFileReference; fileEncoding = 4; lastKnownFileType = sourcecode.c.objc; path = "NSDictionary+DJExtension.m"; sourceTree = "<group>"; };
		1834B51F1B5DFA6D0072EE82 /* DJBaseModel.h */ = {isa = PBXFileReference; fileEncoding = 4; lastKnownFileType = sourcecode.c.h; path = DJBaseModel.h; sourceTree = "<group>"; };
		1834B5201B5DFA6D0072EE82 /* DJBaseModel.m */ = {isa = PBXFileReference; fileEncoding = 4; lastKnownFileType = sourcecode.c.objc; path = DJBaseModel.m; sourceTree = "<group>"; };
		18CF8BE71B452FF700520270 /* DJ_Framework.app */ = {isa = PBXFileReference; explicitFileType = wrapper.application; includeInIndex = 0; path = DJ_Framework.app; sourceTree = BUILT_PRODUCTS_DIR; };
		18CF8BEB1B452FF700520270 /* Info.plist */ = {isa = PBXFileReference; lastKnownFileType = text.plist.xml; path = Info.plist; sourceTree = "<group>"; };
		18CF8BEC1B452FF700520270 /* main.m */ = {isa = PBXFileReference; lastKnownFileType = sourcecode.c.objc; path = main.m; sourceTree = "<group>"; };
		18CF8BEE1B452FF700520270 /* AppDelegate.h */ = {isa = PBXFileReference; lastKnownFileType = sourcecode.c.h; path = AppDelegate.h; sourceTree = "<group>"; };
		18CF8BEF1B452FF700520270 /* AppDelegate.m */ = {isa = PBXFileReference; lastKnownFileType = sourcecode.c.objc; path = AppDelegate.m; sourceTree = "<group>"; };
		18CF8BF11B452FF700520270 /* ViewController.h */ = {isa = PBXFileReference; lastKnownFileType = sourcecode.c.h; path = ViewController.h; sourceTree = "<group>"; };
		18CF8BF21B452FF700520270 /* ViewController.m */ = {isa = PBXFileReference; lastKnownFileType = sourcecode.c.objc; path = ViewController.m; sourceTree = "<group>"; };
		18CF8BF51B452FF700520270 /* Base */ = {isa = PBXFileReference; lastKnownFileType = file.storyboard; name = Base; path = Base.lproj/Main.storyboard; sourceTree = "<group>"; };
		18CF8BF71B452FF700520270 /* Images.xcassets */ = {isa = PBXFileReference; lastKnownFileType = folder.assetcatalog; path = Images.xcassets; sourceTree = "<group>"; };
		18CF8BFA1B452FF700520270 /* Base */ = {isa = PBXFileReference; lastKnownFileType = file.xib; name = Base; path = Base.lproj/LaunchScreen.xib; sourceTree = "<group>"; };
		18CF8C001B452FF700520270 /* DJ_FrameworkTests.xctest */ = {isa = PBXFileReference; explicitFileType = wrapper.cfbundle; includeInIndex = 0; path = DJ_FrameworkTests.xctest; sourceTree = BUILT_PRODUCTS_DIR; };
		18CF8C051B452FF700520270 /* Info.plist */ = {isa = PBXFileReference; lastKnownFileType = text.plist.xml; path = Info.plist; sourceTree = "<group>"; };
		18CF8C061B452FF700520270 /* DJ_FrameworkTests.m */ = {isa = PBXFileReference; lastKnownFileType = sourcecode.c.objc; path = DJ_FrameworkTests.m; sourceTree = "<group>"; };
		18CF8C101B45376C00520270 /* DJ_Framework-Prefix.pch */ = {isa = PBXFileReference; fileEncoding = 4; lastKnownFileType = sourcecode.c.h; path = "DJ_Framework-Prefix.pch"; sourceTree = "<group>"; };
		18CF8C171B4540C200520270 /* DJBaseViewController.h */ = {isa = PBXFileReference; fileEncoding = 4; lastKnownFileType = sourcecode.c.h; path = DJBaseViewController.h; sourceTree = "<group>"; };
		18CF8C181B4540C200520270 /* DJBaseViewController.m */ = {isa = PBXFileReference; fileEncoding = 4; lastKnownFileType = sourcecode.c.objc; path = DJBaseViewController.m; sourceTree = "<group>"; };
		18CF8C1A1B4540E900520270 /* DJBaseNavigationController.h */ = {isa = PBXFileReference; fileEncoding = 4; lastKnownFileType = sourcecode.c.h; path = DJBaseNavigationController.h; sourceTree = "<group>"; };
		18CF8C1B1B4540E900520270 /* DJBaseNavigationController.m */ = {isa = PBXFileReference; fileEncoding = 4; lastKnownFileType = sourcecode.c.objc; path = DJBaseNavigationController.m; sourceTree = "<group>"; };
		18CF8C1D1B45410900520270 /* DJBaseTabBarController.h */ = {isa = PBXFileReference; fileEncoding = 4; lastKnownFileType = sourcecode.c.h; path = DJBaseTabBarController.h; sourceTree = "<group>"; };
		18CF8C1E1B45410900520270 /* DJBaseTabBarController.m */ = {isa = PBXFileReference; fileEncoding = 4; lastKnownFileType = sourcecode.c.objc; path = DJBaseTabBarController.m; sourceTree = "<group>"; };
		18CF8C211B4542F300520270 /* 0.jpg */ = {isa = PBXFileReference; lastKnownFileType = image.jpeg; path = 0.jpg; sourceTree = "<group>"; };
		18CF8C221B4542F300520270 /* 1.jpg */ = {isa = PBXFileReference; lastKnownFileType = image.jpeg; path = 1.jpg; sourceTree = "<group>"; };
		18CF8C231B4542F300520270 /* 2.jpg */ = {isa = PBXFileReference; lastKnownFileType = image.jpeg; path = 2.jpg; sourceTree = "<group>"; };
		18CF8C241B4542F300520270 /* 3.jpg */ = {isa = PBXFileReference; lastKnownFileType = image.jpeg; path = 3.jpg; sourceTree = "<group>"; };
		18CF8C251B4542F300520270 /* 4.jpg */ = {isa = PBXFileReference; lastKnownFileType = image.jpeg; path = 4.jpg; sourceTree = "<group>"; };
		18CF8C261B4542F300520270 /* 5.jpg */ = {isa = PBXFileReference; lastKnownFileType = image.jpeg; path = 5.jpg; sourceTree = "<group>"; };
		18CF8C271B4542F300520270 /* 6.jpg */ = {isa = PBXFileReference; lastKnownFileType = image.jpeg; path = 6.jpg; sourceTree = "<group>"; };
		18CF8C281B4542F300520270 /* 7.jpg */ = {isa = PBXFileReference; lastKnownFileType = image.jpeg; path = 7.jpg; sourceTree = "<group>"; };
		18CF8C291B4542F300520270 /* 111.jpg */ = {isa = PBXFileReference; lastKnownFileType = image.jpeg; path = 111.jpg; sourceTree = "<group>"; };
		18CF8C2A1B4542F300520270 /* 222.jpg */ = {isa = PBXFileReference; lastKnownFileType = image.jpeg; path = 222.jpg; sourceTree = "<group>"; };
		18CF8C2B1B4542F300520270 /* 333.jpg */ = {isa = PBXFileReference; lastKnownFileType = image.jpeg; path = 333.jpg; sourceTree = "<group>"; };
		18CF8C2C1B4542F300520270 /* 444.jpg */ = {isa = PBXFileReference; lastKnownFileType = image.jpeg; path = 444.jpg; sourceTree = "<group>"; };
		18CF8C2D1B4542F300520270 /* 555.jpeg */ = {isa = PBXFileReference; lastKnownFileType = image.jpeg; path = 555.jpeg; sourceTree = "<group>"; };
		18CF8C2E1B4542F300520270 /* 666.jpg */ = {isa = PBXFileReference; lastKnownFileType = image.jpeg; path = 666.jpg; sourceTree = "<group>"; };
		18CF8C2F1B4542F300520270 /* 013834909.jpg */ = {isa = PBXFileReference; lastKnownFileType = image.jpeg; path = 013834909.jpg; sourceTree = "<group>"; };
		18D00BD71B461D22006556E8 /* FirstViewController.h */ = {isa = PBXFileReference; fileEncoding = 4; lastKnownFileType = sourcecode.c.h; path = FirstViewController.h; sourceTree = "<group>"; };
		18D00BD81B461D22006556E8 /* FirstViewController.m */ = {isa = PBXFileReference; fileEncoding = 4; lastKnownFileType = sourcecode.c.objc; path = FirstViewController.m; sourceTree = "<group>"; };
		18D00BDA1B461D2E006556E8 /* SecondViewController.h */ = {isa = PBXFileReference; fileEncoding = 4; lastKnownFileType = sourcecode.c.h; path = SecondViewController.h; sourceTree = "<group>"; };
		18D00BDB1B461D2E006556E8 /* SecondViewController.m */ = {isa = PBXFileReference; fileEncoding = 4; lastKnownFileType = sourcecode.c.objc; path = SecondViewController.m; sourceTree = "<group>"; };
		18D00BDD1B461D38006556E8 /* ThirdViewController.h */ = {isa = PBXFileReference; fileEncoding = 4; lastKnownFileType = sourcecode.c.h; path = ThirdViewController.h; sourceTree = "<group>"; };
		18D00BDE1B461D38006556E8 /* ThirdViewController.m */ = {isa = PBXFileReference; fileEncoding = 4; lastKnownFileType = sourcecode.c.objc; path = ThirdViewController.m; sourceTree = "<group>"; };
		18D00BE01B461D47006556E8 /* FourthViewController.h */ = {isa = PBXFileReference; fileEncoding = 4; lastKnownFileType = sourcecode.c.h; path = FourthViewController.h; sourceTree = "<group>"; };
		18D00BE11B461D47006556E8 /* FourthViewController.m */ = {isa = PBXFileReference; fileEncoding = 4; lastKnownFileType = sourcecode.c.objc; path = FourthViewController.m; sourceTree = "<group>"; };
		18D00BE41B461F24006556E8 /* discover_red.png */ = {isa = PBXFileReference; lastKnownFileType = image.png; path = discover_red.png; sourceTree = "<group>"; };
		18D00BE51B461F24006556E8 /* discover_red@2x.png */ = {isa = PBXFileReference; lastKnownFileType = image.png; path = "discover_red@2x.png"; sourceTree = "<group>"; };
		18D00BE61B461F24006556E8 /* discover_red@3x.png */ = {isa = PBXFileReference; lastKnownFileType = image.png; path = "discover_red@3x.png"; sourceTree = "<group>"; };
		18D00BE71B461F24006556E8 /* discover.png */ = {isa = PBXFileReference; lastKnownFileType = image.png; path = discover.png; sourceTree = "<group>"; };
		18D00BE81B461F24006556E8 /* discover@2x.png */ = {isa = PBXFileReference; lastKnownFileType = image.png; path = "discover@2x.png"; sourceTree = "<group>"; };
		18D00BE91B461F24006556E8 /* discover@3x.png */ = {isa = PBXFileReference; lastKnownFileType = image.png; path = "discover@3x.png"; sourceTree = "<group>"; };
		18D00BEA1B461F24006556E8 /* main_red@2x.png */ = {isa = PBXFileReference; lastKnownFileType = image.png; path = "main_red@2x.png"; sourceTree = "<group>"; };
		18D00BEB1B461F24006556E8 /* main_red@3x.png */ = {isa = PBXFileReference; lastKnownFileType = image.png; path = "main_red@3x.png"; sourceTree = "<group>"; };
		18D00BEC1B461F24006556E8 /* main@2x.png */ = {isa = PBXFileReference; lastKnownFileType = image.png; path = "main@2x.png"; sourceTree = "<group>"; };
		18D00BED1B461F24006556E8 /* main@3x.png */ = {isa = PBXFileReference; lastKnownFileType = image.png; path = "main@3x.png"; sourceTree = "<group>"; };
		18D00BEE1B461F24006556E8 /* myself_red.png */ = {isa = PBXFileReference; lastKnownFileType = image.png; path = myself_red.png; sourceTree = "<group>"; };
		18D00BEF1B461F24006556E8 /* myself_red@2x.png */ = {isa = PBXFileReference; lastKnownFileType = image.png; path = "myself_red@2x.png"; sourceTree = "<group>"; };
		18D00BF01B461F24006556E8 /* myself_red@3x.png */ = {isa = PBXFileReference; lastKnownFileType = image.png; path = "myself_red@3x.png"; sourceTree = "<group>"; };
		18D00BF11B461F24006556E8 /* myself.png */ = {isa = PBXFileReference; lastKnownFileType = image.png; path = myself.png; sourceTree = "<group>"; };
		18D00BF21B461F24006556E8 /* myself@2x.png */ = {isa = PBXFileReference; lastKnownFileType = image.png; path = "myself@2x.png"; sourceTree = "<group>"; };
		18D00BF31B461F24006556E8 /* myself@3x.png */ = {isa = PBXFileReference; lastKnownFileType = image.png; path = "myself@3x.png"; sourceTree = "<group>"; };
		18D00BF41B461F24006556E8 /* new_red.png */ = {isa = PBXFileReference; lastKnownFileType = image.png; path = new_red.png; sourceTree = "<group>"; };
		18D00BF51B461F24006556E8 /* new_red@2x.png */ = {isa = PBXFileReference; lastKnownFileType = image.png; path = "new_red@2x.png"; sourceTree = "<group>"; };
		18D00BF61B461F24006556E8 /* new_red@3x.png */ = {isa = PBXFileReference; lastKnownFileType = image.png; path = "new_red@3x.png"; sourceTree = "<group>"; };
		18D00BF71B461F24006556E8 /* new.png */ = {isa = PBXFileReference; lastKnownFileType = image.png; path = new.png; sourceTree = "<group>"; };
		18D00BF81B461F24006556E8 /* new@2x.png */ = {isa = PBXFileReference; lastKnownFileType = image.png; path = "new@2x.png"; sourceTree = "<group>"; };
		18D00BF91B461F24006556E8 /* new@3x.png */ = {isa = PBXFileReference; lastKnownFileType = image.png; path = "new@3x.png"; sourceTree = "<group>"; };
		18D00BFA1B461F24006556E8 /* newUser_red.png */ = {isa = PBXFileReference; lastKnownFileType = image.png; path = newUser_red.png; sourceTree = "<group>"; };
		18D00BFB1B461F24006556E8 /* newUser_red@2x.png */ = {isa = PBXFileReference; lastKnownFileType = image.png; path = "newUser_red@2x.png"; sourceTree = "<group>"; };
		18D00BFC1B461F24006556E8 /* newUser.png */ = {isa = PBXFileReference; lastKnownFileType = image.png; path = newUser.png; sourceTree = "<group>"; };
		18D00BFD1B461F24006556E8 /* newUser@2x.png */ = {isa = PBXFileReference; lastKnownFileType = image.png; path = "newUser@2x.png"; sourceTree = "<group>"; };
		18D00BFE1B461F24006556E8 /* wholesale_market_red@2x.png */ = {isa = PBXFileReference; lastKnownFileType = image.png; path = "wholesale_market_red@2x.png"; sourceTree = "<group>"; };
		18D00BFF1B461F24006556E8 /* wholesale_market_red@3x.png */ = {isa = PBXFileReference; lastKnownFileType = image.png; path = "wholesale_market_red@3x.png"; sourceTree = "<group>"; };
		18D00C001B461F24006556E8 /* wholesale_market@2x.png */ = {isa = PBXFileReference; lastKnownFileType = image.png; path = "wholesale_market@2x.png"; sourceTree = "<group>"; };
		18D00C011B461F24006556E8 /* wholesale_market@3x.png */ = {isa = PBXFileReference; lastKnownFileType = image.png; path = "wholesale_market@3x.png"; sourceTree = "<group>"; };
		18D00C021B461F24006556E8 /* wholesalemarket_red@2x.png */ = {isa = PBXFileReference; lastKnownFileType = image.png; path = "wholesalemarket_red@2x.png"; sourceTree = "<group>"; };
		18D00C031B461F24006556E8 /* wholesalemarket_red@3x.png */ = {isa = PBXFileReference; lastKnownFileType = image.png; path = "wholesalemarket_red@3x.png"; sourceTree = "<group>"; };
		18D00C041B461F24006556E8 /* wholesalemarket@2x.png */ = {isa = PBXFileReference; lastKnownFileType = image.png; path = "wholesalemarket@2x.png"; sourceTree = "<group>"; };
		18D00C051B461F24006556E8 /* wholesalemarket@3x.png */ = {isa = PBXFileReference; lastKnownFileType = image.png; path = "wholesalemarket@3x.png"; sourceTree = "<group>"; };
		18D00C281B4621DD006556E8 /* DJUserConfig.h */ = {isa = PBXFileReference; fileEncoding = 4; lastKnownFileType = sourcecode.c.h; path = DJUserConfig.h; sourceTree = "<group>"; };
		18D00C291B4621DD006556E8 /* DJUserConfig.m */ = {isa = PBXFileReference; fileEncoding = 4; lastKnownFileType = sourcecode.c.objc; path = DJUserConfig.m; sourceTree = "<group>"; };
		18D00C2B1B462222006556E8 /* DJUtilities.h */ = {isa = PBXFileReference; fileEncoding = 4; lastKnownFileType = sourcecode.c.h; path = DJUtilities.h; sourceTree = "<group>"; };
		18D00C2C1B462222006556E8 /* DJUtilities.m */ = {isa = PBXFileReference; fileEncoding = 4; lastKnownFileType = sourcecode.c.objc; path = DJUtilities.m; sourceTree = "<group>"; };
		18D00C2F1B4624F4006556E8 /* DJMakeGuideView.h */ = {isa = PBXFileReference; fileEncoding = 4; lastKnownFileType = sourcecode.c.h; path = DJMakeGuideView.h; sourceTree = "<group>"; };
		18D00C301B4624F4006556E8 /* DJMakeGuideView.m */ = {isa = PBXFileReference; fileEncoding = 4; lastKnownFileType = sourcecode.c.objc; path = DJMakeGuideView.m; sourceTree = "<group>"; };
		18D00C321B462618006556E8 /* DJLoginViewController.h */ = {isa = PBXFileReference; fileEncoding = 4; lastKnownFileType = sourcecode.c.h; path = DJLoginViewController.h; sourceTree = "<group>"; };
		18D00C331B462618006556E8 /* DJLoginViewController.m */ = {isa = PBXFileReference; fileEncoding = 4; lastKnownFileType = sourcecode.c.objc; path = DJLoginViewController.m; sourceTree = "<group>"; };
		18D00C351B462D8F006556E8 /* DJAccountTool.h */ = {isa = PBXFileReference; fileEncoding = 4; lastKnownFileType = sourcecode.c.h; path = DJAccountTool.h; sourceTree = "<group>"; };
		18D00C361B462D8F006556E8 /* DJAccountTool.m */ = {isa = PBXFileReference; fileEncoding = 4; lastKnownFileType = sourcecode.c.objc; path = DJAccountTool.m; sourceTree = "<group>"; };
		18D00C3B1B462E08006556E8 /* DJCommon.h */ = {isa = PBXFileReference; fileEncoding = 4; lastKnownFileType = sourcecode.c.h; path = DJCommon.h; sourceTree = "<group>"; };
		18D00C3C1B462E84006556E8 /* DJSocialConfig.h */ = {isa = PBXFileReference; fileEncoding = 4; lastKnownFileType = sourcecode.c.h; path = DJSocialConfig.h; sourceTree = "<group>"; };
		18D00C3D1B463715006556E8 /* DJURLConfig.h */ = {isa = PBXFileReference; fileEncoding = 4; lastKnownFileType = sourcecode.c.h; path = DJURLConfig.h; sourceTree = "<group>"; };
		18D00C3E1B463793006556E8 /* DJHttpTool.h */ = {isa = PBXFileReference; fileEncoding = 4; lastKnownFileType = sourcecode.c.h; path = DJHttpTool.h; sourceTree = "<group>"; };
		18D00C3F1B463793006556E8 /* DJHttpTool.m */ = {isa = PBXFileReference; fileEncoding = 4; lastKnownFileType = sourcecode.c.objc; path = DJHttpTool.m; sourceTree = "<group>"; };
		18D00C411B463899006556E8 /* DJNetRequest.h */ = {isa = PBXFileReference; fileEncoding = 4; lastKnownFileType = sourcecode.c.h; path = DJNetRequest.h; sourceTree = "<group>"; };
		18D00C421B463899006556E8 /* DJNetRequest.m */ = {isa = PBXFileReference; fileEncoding = 4; lastKnownFileType = sourcecode.c.objc; path = DJNetRequest.m; sourceTree = "<group>"; };
		18D00C441B4638AF006556E8 /* DJAnalyzer.h */ = {isa = PBXFileReference; fileEncoding = 4; lastKnownFileType = sourcecode.c.h; path = DJAnalyzer.h; sourceTree = "<group>"; };
		18D00C451B4638AF006556E8 /* DJAnalyzer.m */ = {isa = PBXFileReference; fileEncoding = 4; lastKnownFileType = sourcecode.c.objc; path = DJAnalyzer.m; sourceTree = "<group>"; };
		18D00C481B463AEB006556E8 /* NSString+OKW.h */ = {isa = PBXFileReference; fileEncoding = 4; lastKnownFileType = sourcecode.c.h; path = "NSString+OKW.h"; sourceTree = "<group>"; };
		18D00C491B463AEB006556E8 /* NSString+OKW.m */ = {isa = PBXFileReference; fileEncoding = 4; lastKnownFileType = sourcecode.c.objc; path = "NSString+OKW.m"; sourceTree = "<group>"; };
		18D00C4B1B463AFF006556E8 /* UIBarButtonItem+OKW.h */ = {isa = PBXFileReference; fileEncoding = 4; lastKnownFileType = sourcecode.c.h; path = "UIBarButtonItem+OKW.h"; sourceTree = "<group>"; };
		18D00C4C1B463AFF006556E8 /* UIBarButtonItem+OKW.m */ = {isa = PBXFileReference; fileEncoding = 4; lastKnownFileType = sourcecode.c.objc; path = "UIBarButtonItem+OKW.m"; sourceTree = "<group>"; };
		18D00C4E1B463B14006556E8 /* UIImage+OKW.h */ = {isa = PBXFileReference; fileEncoding = 4; lastKnownFileType = sourcecode.c.h; path = "UIImage+OKW.h"; sourceTree = "<group>"; };
		18D00C4F1B463B14006556E8 /* UIImage+OKW.m */ = {isa = PBXFileReference; fileEncoding = 4; lastKnownFileType = sourcecode.c.objc; path = "UIImage+OKW.m"; sourceTree = "<group>"; };
		18D00C511B463B21006556E8 /* UIWebView+TS_JavaScriptContext.h */ = {isa = PBXFileReference; fileEncoding = 4; lastKnownFileType = sourcecode.c.h; path = "UIWebView+TS_JavaScriptContext.h"; sourceTree = "<group>"; };
		18D00C521B463B21006556E8 /* UIWebView+TS_JavaScriptContext.m */ = {isa = PBXFileReference; fileEncoding = 4; lastKnownFileType = sourcecode.c.objc; path = "UIWebView+TS_JavaScriptContext.m"; sourceTree = "<group>"; };
		18D00C581B463B88006556E8 /* DJDBQueueManager.h */ = {isa = PBXFileReference; fileEncoding = 4; lastKnownFileType = sourcecode.c.h; path = DJDBQueueManager.h; sourceTree = "<group>"; };
		18D00C591B463B88006556E8 /* DJDBQueueManager.m */ = {isa = PBXFileReference; fileEncoding = 4; lastKnownFileType = sourcecode.c.objc; path = DJDBQueueManager.m; sourceTree = "<group>"; };
		18D00C611B463DFD006556E8 /* DJMyButton.h */ = {isa = PBXFileReference; fileEncoding = 4; lastKnownFileType = sourcecode.c.h; path = DJMyButton.h; sourceTree = "<group>"; };
		18D00C621B463DFD006556E8 /* DJMyButton.m */ = {isa = PBXFileReference; fileEncoding = 4; lastKnownFileType = sourcecode.c.objc; path = DJMyButton.m; sourceTree = "<group>"; };
		18D00C641B463E32006556E8 /* DJMyImageRightButton.h */ = {isa = PBXFileReference; fileEncoding = 4; lastKnownFileType = sourcecode.c.h; path = DJMyImageRightButton.h; sourceTree = "<group>"; };
		18D00C651B463E32006556E8 /* DJMyImageRightButton.m */ = {isa = PBXFileReference; fileEncoding = 4; lastKnownFileType = sourcecode.c.objc; path = DJMyImageRightButton.m; sourceTree = "<group>"; };
		18D00C681B463E94006556E8 /* CoreAnimationEffect.h */ = {isa = PBXFileReference; fileEncoding = 4; lastKnownFileType = sourcecode.c.h; path = CoreAnimationEffect.h; sourceTree = "<group>"; };
		18D00C691B463E94006556E8 /* CoreAnimationEffect.m */ = {isa = PBXFileReference; fileEncoding = 4; lastKnownFileType = sourcecode.c.objc; path = CoreAnimationEffect.m; sourceTree = "<group>"; };
		18D00C6B1B465E4D006556E8 /* DJVerifyButton.h */ = {isa = PBXFileReference; fileEncoding = 4; lastKnownFileType = sourcecode.c.h; path = DJVerifyButton.h; sourceTree = "<group>"; };
		18D00C6C1B465E4D006556E8 /* DJVerifyButton.m */ = {isa = PBXFileReference; fileEncoding = 4; lastKnownFileType = sourcecode.c.objc; path = DJVerifyButton.m; sourceTree = "<group>"; };
		18D00C6F1B465EE5006556E8 /* gray_btn.png */ = {isa = PBXFileReference; lastKnownFileType = image.png; path = gray_btn.png; sourceTree = "<group>"; };
		18D00C701B465EE5006556E8 /* gray_btn@2x.png */ = {isa = PBXFileReference; lastKnownFileType = image.png; path = "gray_btn@2x.png"; sourceTree = "<group>"; };
		18D00C711B465EE5006556E8 /* greenButton_highlighted.png */ = {isa = PBXFileReference; lastKnownFileType = image.png; path = greenButton_highlighted.png; sourceTree = "<group>"; };
		18D00C721B465EE5006556E8 /* greenButton_highlighted@2x.png */ = {isa = PBXFileReference; lastKnownFileType = image.png; path = "greenButton_highlighted@2x.png"; sourceTree = "<group>"; };
		18D00C731B465EE5006556E8 /* greenButton.png */ = {isa = PBXFileReference; lastKnownFileType = image.png; path = greenButton.png; sourceTree = "<group>"; };
		18D00C741B465EE5006556E8 /* greenButton@2x.png */ = {isa = PBXFileReference; lastKnownFileType = image.png; path = "greenButton@2x.png"; sourceTree = "<group>"; };
		18D00C751B465EE5006556E8 /* lightGray_btn.png */ = {isa = PBXFileReference; lastKnownFileType = image.png; path = lightGray_btn.png; sourceTree = "<group>"; };
		18D00C761B465EE5006556E8 /* lightGray_btn@2x.png */ = {isa = PBXFileReference; lastKnownFileType = image.png; path = "lightGray_btn@2x.png"; sourceTree = "<group>"; };
		18D00D1C1B467AB5006556E8 /* LTPopButton.h */ = {isa = PBXFileReference; fileEncoding = 4; lastKnownFileType = sourcecode.c.h; path = LTPopButton.h; sourceTree = "<group>"; };
		18D00D1D1B467AB5006556E8 /* LTPopButton.m */ = {isa = PBXFileReference; fileEncoding = 4; lastKnownFileType = sourcecode.c.objc; path = LTPopButton.m; sourceTree = "<group>"; };
		18FC2E211B5CEC39000F805C /* libxml2.dylib */ = {isa = PBXFileReference; lastKnownFileType = "compiled.mach-o.dylib"; name = libxml2.dylib; path = usr/lib/libxml2.dylib; sourceTree = SDKROOT; };
		18FC2E231B5CEDE1000F805C /* DJ_Precompile.h */ = {isa = PBXFileReference; lastKnownFileType = sourcecode.c.h; path = DJ_Precompile.h; sourceTree = "<group>"; };
		18FC2E321B5CF306000F805C /* CoreMedia.framework */ = {isa = PBXFileReference; lastKnownFileType = wrapper.framework; name = CoreMedia.framework; path = System/Library/Frameworks/CoreMedia.framework; sourceTree = SDKROOT; };
		18FC2E3A1B5CF7B4000F805C /* UIColor+DJExtension.h */ = {isa = PBXFileReference; fileEncoding = 4; lastKnownFileType = sourcecode.c.h; path = "UIColor+DJExtension.h"; sourceTree = "<group>"; };
		18FC2E3B1B5CF7B4000F805C /* UIColor+DJExtension.m */ = {isa = PBXFileReference; fileEncoding = 4; lastKnownFileType = sourcecode.c.objc; path = "UIColor+DJExtension.m"; sourceTree = "<group>"; };
		18FC2E3D1B5CF9E5000F805C /* NSString+DJExtension.h */ = {isa = PBXFileReference; fileEncoding = 4; lastKnownFileType = sourcecode.c.h; path = "NSString+DJExtension.h"; sourceTree = "<group>"; };
		18FC2E3E1B5CF9E5000F805C /* NSString+DJExtension.m */ = {isa = PBXFileReference; fileEncoding = 4; lastKnownFileType = sourcecode.c.objc; path = "NSString+DJExtension.m"; sourceTree = "<group>"; };
		423C463FF7D0B87DC8CC9992 /* libPods.a */ = {isa = PBXFileReference; explicitFileType = archive.ar; includeInIndex = 0; path = libPods.a; sourceTree = BUILT_PRODUCTS_DIR; };
		B98CED9906C52E155D4DEE80 /* Pods.debug.xcconfig */ = {isa = PBXFileReference; includeInIndex = 1; lastKnownFileType = text.xcconfig; name = Pods.debug.xcconfig; path = "Pods/Target Support Files/Pods/Pods.debug.xcconfig"; sourceTree = "<group>"; };
		C73C0870739702F881821131 /* Pods.release.xcconfig */ = {isa = PBXFileReference; includeInIndex = 1; lastKnownFileType = text.xcconfig; name = Pods.release.xcconfig; path = "Pods/Target Support Files/Pods/Pods.release.xcconfig"; sourceTree = "<group>"; };
/* End PBXFileReference section */

/* Begin PBXFrameworksBuildPhase section */
		18CF8BE41B452FF700520270 /* Frameworks */ = {
			isa = PBXFrameworksBuildPhase;
			buildActionMask = 2147483647;
			files = (
				1834B4FF1B5DDE770072EE82 /* QuartzCore.framework in Frameworks */,
				18FC2E331B5CF307000F805C /* CoreMedia.framework in Frameworks */,
				2EB6A0CED6C3F25270E6FF73 /* libPods.a in Frameworks */,
			);
			runOnlyForDeploymentPostprocessing = 0;
		};
		18CF8BFD1B452FF700520270 /* Frameworks */ = {
			isa = PBXFrameworksBuildPhase;
			buildActionMask = 2147483647;
			files = (
			);
			runOnlyForDeploymentPostprocessing = 0;
		};
/* End PBXFrameworksBuildPhase section */

/* Begin PBXGroup section */
		1834B4F61B5DDAE70072EE82 /* DJMySelfLibs */ = {
			isa = PBXGroup;
			children = (
				18D00C611B463DFD006556E8 /* DJMyButton.h */,
				18D00C621B463DFD006556E8 /* DJMyButton.m */,
				18D00C641B463E32006556E8 /* DJMyImageRightButton.h */,
				18D00C651B463E32006556E8 /* DJMyImageRightButton.m */,
				18D00C6B1B465E4D006556E8 /* DJVerifyButton.h */,
				18D00C6C1B465E4D006556E8 /* DJVerifyButton.m */,
			);
			name = DJMySelfLibs;
			sourceTree = "<group>";
		};
		1834B4F71B5DDB0A0072EE82 /* AwesomeMenu */ = {
			isa = PBXGroup;
			children = (
				1834B4F81B5DDB0A0072EE82 /* AwesomeMenu.h */,
				1834B4F91B5DDB0A0072EE82 /* AwesomeMenu.m */,
				1834B4FA1B5DDB0A0072EE82 /* AwesomeMenuItem.h */,
				1834B4FB1B5DDB0A0072EE82 /* AwesomeMenuItem.m */,
			);
			path = AwesomeMenu;
			sourceTree = "<group>";
		};
		1834B5001B5DDE980072EE82 /* iCarousel */ = {
			isa = PBXGroup;
			children = (
				1834B5011B5DDE980072EE82 /* iCarousel.h */,
				1834B5021B5DDE980072EE82 /* iCarousel.m */,
			);
			path = iCarousel;
			sourceTree = "<group>";
		};
		18CF8BDE1B452FF700520270 = {
			isa = PBXGroup;
			children = (
				18CF8BE91B452FF700520270 /* DJ_Framework */,
				18CF8C031B452FF700520270 /* DJ_FrameworkTests */,
				18CF8BE81B452FF700520270 /* Products */,
				3806633AE2279D7C1452F611 /* Pods */,
				54C90DEC0541EF93DF97DD25 /* Frameworks */,
			);
			sourceTree = "<group>";
		};
		18CF8BE81B452FF700520270 /* Products */ = {
			isa = PBXGroup;
			children = (
				18CF8BE71B452FF700520270 /* DJ_Framework.app */,
				18CF8C001B452FF700520270 /* DJ_FrameworkTests.xctest */,
			);
			name = Products;
			sourceTree = "<group>";
		};
		18CF8BE91B452FF700520270 /* DJ_Framework */ = {
			isa = PBXGroup;
			children = (
				18FC2DCD1B5CE743000F805C /* DJ+Extension(Bee) */,
				18D00C541B463B4C006556E8 /* DJDataBase */,
				18D00C471B463AE0006556E8 /* DJCategory */,
				18CF8C151B453EA400520270 /* Images */,
				18CF8C141B453E9600520270 /* Public */,
				18CF8C131B453E7B00520270 /* Libs */,
				18CF8C121B453E6F00520270 /* Models */,
				18CF8C111B453D4000520270 /* ViewControllers */,
				18CF8BEE1B452FF700520270 /* AppDelegate.h */,
				18CF8BEF1B452FF700520270 /* AppDelegate.m */,
				18CF8BF11B452FF700520270 /* ViewController.h */,
				18CF8BF21B452FF700520270 /* ViewController.m */,
				18CF8BF41B452FF700520270 /* Main.storyboard */,
				18CF8BF71B452FF700520270 /* Images.xcassets */,
				18CF8BF91B452FF700520270 /* LaunchScreen.xib */,
				18CF8BEA1B452FF700520270 /* Supporting Files */,
			);
			path = DJ_Framework;
			sourceTree = "<group>";
		};
		18CF8BEA1B452FF700520270 /* Supporting Files */ = {
			isa = PBXGroup;
			children = (
				18CF8BEB1B452FF700520270 /* Info.plist */,
				18CF8BEC1B452FF700520270 /* main.m */,
				18CF8C101B45376C00520270 /* DJ_Framework-Prefix.pch */,
			);
			name = "Supporting Files";
			sourceTree = "<group>";
		};
		18CF8C031B452FF700520270 /* DJ_FrameworkTests */ = {
			isa = PBXGroup;
			children = (
				18CF8C061B452FF700520270 /* DJ_FrameworkTests.m */,
				18CF8C041B452FF700520270 /* Supporting Files */,
			);
			path = DJ_FrameworkTests;
			sourceTree = "<group>";
		};
		18CF8C041B452FF700520270 /* Supporting Files */ = {
			isa = PBXGroup;
			children = (
				18CF8C051B452FF700520270 /* Info.plist */,
			);
			name = "Supporting Files";
			sourceTree = "<group>";
		};
		18CF8C111B453D4000520270 /* ViewControllers */ = {
			isa = PBXGroup;
			children = (
				18D00C2E1B4624D0006556E8 /* LoginViews */,
				18D00BD61B461CFE006556E8 /* MainViewControllers */,
				18CF8C161B45406800520270 /* DJ_BaseViewControllers */,
			);
			name = ViewControllers;
			sourceTree = "<group>";
		};
		18CF8C121B453E6F00520270 /* Models */ = {
			isa = PBXGroup;
			children = (
				1834B51F1B5DFA6D0072EE82 /* DJBaseModel.h */,
				1834B5201B5DFA6D0072EE82 /* DJBaseModel.m */,
			);
			name = Models;
			sourceTree = "<group>";
		};
		18CF8C131B453E7B00520270 /* Libs */ = {
			isa = PBXGroup;
			children = (
				1834B5001B5DDE980072EE82 /* iCarousel */,
				1834B4F71B5DDB0A0072EE82 /* AwesomeMenu */,
				1834B4F61B5DDAE70072EE82 /* DJMySelfLibs */,
				18D00C671B463E94006556E8 /* CoreAnimationEffect */,
				18D00D1C1B467AB5006556E8 /* LTPopButton.h */,
				18D00D1D1B467AB5006556E8 /* LTPopButton.m */,
			);
			name = Libs;
			sourceTree = "<group>";
		};
		18CF8C141B453E9600520270 /* Public */ = {
			isa = PBXGroup;
			children = (
				18D00C281B4621DD006556E8 /* DJUserConfig.h */,
				18D00C291B4621DD006556E8 /* DJUserConfig.m */,
				18D00C2B1B462222006556E8 /* DJUtilities.h */,
				18D00C2C1B462222006556E8 /* DJUtilities.m */,
				18D00C351B462D8F006556E8 /* DJAccountTool.h */,
				18D00C361B462D8F006556E8 /* DJAccountTool.m */,
				18D00C3B1B462E08006556E8 /* DJCommon.h */,
				18FC2E231B5CEDE1000F805C /* DJ_Precompile.h */,
				18D00C3C1B462E84006556E8 /* DJSocialConfig.h */,
				18D00C3D1B463715006556E8 /* DJURLConfig.h */,
				18D00C3E1B463793006556E8 /* DJHttpTool.h */,
				18D00C3F1B463793006556E8 /* DJHttpTool.m */,
				18D00C411B463899006556E8 /* DJNetRequest.h */,
				18D00C421B463899006556E8 /* DJNetRequest.m */,
				18D00C441B4638AF006556E8 /* DJAnalyzer.h */,
				18D00C451B4638AF006556E8 /* DJAnalyzer.m */,
			);
			name = Public;
			sourceTree = "<group>";
		};
		18CF8C151B453EA400520270 /* Images */ = {
			isa = PBXGroup;
			children = (
				18D00C6E1B465ED6006556E8 /* ButtonImages */,
				18D00BE31B461F15006556E8 /* TabBarItems */,
				18CF8C201B4542D500520270 /* BackgroundImages */,
			);
			name = Images;
			sourceTree = "<group>";
		};
		18CF8C161B45406800520270 /* DJ_BaseViewControllers */ = {
			isa = PBXGroup;
			children = (
				18CF8C171B4540C200520270 /* DJBaseViewController.h */,
				18CF8C181B4540C200520270 /* DJBaseViewController.m */,
				18CF8C1A1B4540E900520270 /* DJBaseNavigationController.h */,
				18CF8C1B1B4540E900520270 /* DJBaseNavigationController.m */,
				18CF8C1D1B45410900520270 /* DJBaseTabBarController.h */,
				18CF8C1E1B45410900520270 /* DJBaseTabBarController.m */,
			);
			name = DJ_BaseViewControllers;
			sourceTree = "<group>";
		};
		18CF8C201B4542D500520270 /* BackgroundImages */ = {
			isa = PBXGroup;
			children = (
				18CF8C211B4542F300520270 /* 0.jpg */,
				18CF8C221B4542F300520270 /* 1.jpg */,
				18CF8C231B4542F300520270 /* 2.jpg */,
				18CF8C241B4542F300520270 /* 3.jpg */,
				18CF8C251B4542F300520270 /* 4.jpg */,
				18CF8C261B4542F300520270 /* 5.jpg */,
				18CF8C271B4542F300520270 /* 6.jpg */,
				18CF8C281B4542F300520270 /* 7.jpg */,
				18CF8C291B4542F300520270 /* 111.jpg */,
				18CF8C2A1B4542F300520270 /* 222.jpg */,
				18CF8C2B1B4542F300520270 /* 333.jpg */,
				18CF8C2C1B4542F300520270 /* 444.jpg */,
				18CF8C2D1B4542F300520270 /* 555.jpeg */,
				18CF8C2E1B4542F300520270 /* 666.jpg */,
				18CF8C2F1B4542F300520270 /* 013834909.jpg */,
			);
			name = BackgroundImages;
			sourceTree = "<group>";
		};
		18D00BD61B461CFE006556E8 /* MainViewControllers */ = {
			isa = PBXGroup;
			children = (
				18D00BD71B461D22006556E8 /* FirstViewController.h */,
				18D00BD81B461D22006556E8 /* FirstViewController.m */,
				18D00BDA1B461D2E006556E8 /* SecondViewController.h */,
				18D00BDB1B461D2E006556E8 /* SecondViewController.m */,
				18D00BDD1B461D38006556E8 /* ThirdViewController.h */,
				18D00BDE1B461D38006556E8 /* ThirdViewController.m */,
				18D00BE01B461D47006556E8 /* FourthViewController.h */,
				18D00BE11B461D47006556E8 /* FourthViewController.m */,
			);
			name = MainViewControllers;
			sourceTree = "<group>";
		};
		18D00BE31B461F15006556E8 /* TabBarItems */ = {
			isa = PBXGroup;
			children = (
				18D00BE41B461F24006556E8 /* discover_red.png */,
				18D00BE51B461F24006556E8 /* discover_red@2x.png */,
				18D00BE61B461F24006556E8 /* discover_red@3x.png */,
				18D00BE71B461F24006556E8 /* discover.png */,
				18D00BE81B461F24006556E8 /* discover@2x.png */,
				18D00BE91B461F24006556E8 /* discover@3x.png */,
				18D00BEA1B461F24006556E8 /* main_red@2x.png */,
				18D00BEB1B461F24006556E8 /* main_red@3x.png */,
				18D00BEC1B461F24006556E8 /* main@2x.png */,
				18D00BED1B461F24006556E8 /* main@3x.png */,
				18D00BEE1B461F24006556E8 /* myself_red.png */,
				18D00BEF1B461F24006556E8 /* myself_red@2x.png */,
				18D00BF01B461F24006556E8 /* myself_red@3x.png */,
				18D00BF11B461F24006556E8 /* myself.png */,
				18D00BF21B461F24006556E8 /* myself@2x.png */,
				18D00BF31B461F24006556E8 /* myself@3x.png */,
				18D00BF41B461F24006556E8 /* new_red.png */,
				18D00BF51B461F24006556E8 /* new_red@2x.png */,
				18D00BF61B461F24006556E8 /* new_red@3x.png */,
				18D00BF71B461F24006556E8 /* new.png */,
				18D00BF81B461F24006556E8 /* new@2x.png */,
				18D00BF91B461F24006556E8 /* new@3x.png */,
				18D00BFA1B461F24006556E8 /* newUser_red.png */,
				18D00BFB1B461F24006556E8 /* newUser_red@2x.png */,
				18D00BFC1B461F24006556E8 /* newUser.png */,
				18D00BFD1B461F24006556E8 /* newUser@2x.png */,
				18D00BFE1B461F24006556E8 /* wholesale_market_red@2x.png */,
				18D00BFF1B461F24006556E8 /* wholesale_market_red@3x.png */,
				18D00C001B461F24006556E8 /* wholesale_market@2x.png */,
				18D00C011B461F24006556E8 /* wholesale_market@3x.png */,
				18D00C021B461F24006556E8 /* wholesalemarket_red@2x.png */,
				18D00C031B461F24006556E8 /* wholesalemarket_red@3x.png */,
				18D00C041B461F24006556E8 /* wholesalemarket@2x.png */,
				18D00C051B461F24006556E8 /* wholesalemarket@3x.png */,
			);
			name = TabBarItems;
			sourceTree = "<group>";
		};
		18D00C2E1B4624D0006556E8 /* LoginViews */ = {
			isa = PBXGroup;
			children = (
				18D00C2F1B4624F4006556E8 /* DJMakeGuideView.h */,
				18D00C301B4624F4006556E8 /* DJMakeGuideView.m */,
				18D00C321B462618006556E8 /* DJLoginViewController.h */,
				18D00C331B462618006556E8 /* DJLoginViewController.m */,
			);
			name = LoginViews;
			sourceTree = "<group>";
		};
		18D00C471B463AE0006556E8 /* DJCategory */ = {
			isa = PBXGroup;
			children = (
				18D00C481B463AEB006556E8 /* NSString+OKW.h */,
				18D00C491B463AEB006556E8 /* NSString+OKW.m */,
				18D00C4B1B463AFF006556E8 /* UIBarButtonItem+OKW.h */,
				18D00C4C1B463AFF006556E8 /* UIBarButtonItem+OKW.m */,
				18D00C4E1B463B14006556E8 /* UIImage+OKW.h */,
				18D00C4F1B463B14006556E8 /* UIImage+OKW.m */,
				18D00C511B463B21006556E8 /* UIWebView+TS_JavaScriptContext.h */,
				18D00C521B463B21006556E8 /* UIWebView+TS_JavaScriptContext.m */,
			);
			name = DJCategory;
			sourceTree = "<group>";
		};
		18D00C541B463B4C006556E8 /* DJDataBase */ = {
			isa = PBXGroup;
			children = (
				18D00C581B463B88006556E8 /* DJDBQueueManager.h */,
				18D00C591B463B88006556E8 /* DJDBQueueManager.m */,
			);
			name = DJDataBase;
			sourceTree = "<group>";
		};
		18D00C671B463E94006556E8 /* CoreAnimationEffect */ = {
			isa = PBXGroup;
			children = (
				18D00C681B463E94006556E8 /* CoreAnimationEffect.h */,
				18D00C691B463E94006556E8 /* CoreAnimationEffect.m */,
			);
			path = CoreAnimationEffect;
			sourceTree = "<group>";
		};
		18D00C6E1B465ED6006556E8 /* ButtonImages */ = {
			isa = PBXGroup;
			children = (
				18D00C6F1B465EE5006556E8 /* gray_btn.png */,
				18D00C701B465EE5006556E8 /* gray_btn@2x.png */,
				18D00C711B465EE5006556E8 /* greenButton_highlighted.png */,
				18D00C721B465EE5006556E8 /* greenButton_highlighted@2x.png */,
				18D00C731B465EE5006556E8 /* greenButton.png */,
				18D00C741B465EE5006556E8 /* greenButton@2x.png */,
				18D00C751B465EE5006556E8 /* lightGray_btn.png */,
				18D00C761B465EE5006556E8 /* lightGray_btn@2x.png */,
			);
			name = ButtonImages;
			sourceTree = "<group>";
		};
		18FC2DCD1B5CE743000F805C /* DJ+Extension(Bee) */ = {
			isa = PBXGroup;
			children = (
				18FC2DDF1B5CEAE7000F805C /* SystemExtension */,
			);
			name = "DJ+Extension(Bee)";
			sourceTree = "<group>";
		};
		18FC2DDF1B5CEAE7000F805C /* SystemExtension */ = {
			isa = PBXGroup;
			children = (
				18FC2E3A1B5CF7B4000F805C /* UIColor+DJExtension.h */,
				18FC2E3B1B5CF7B4000F805C /* UIColor+DJExtension.m */,
				18FC2E3D1B5CF9E5000F805C /* NSString+DJExtension.h */,
				18FC2E3E1B5CF9E5000F805C /* NSString+DJExtension.m */,
				1834B5041B5DE9DB0072EE82 /* UIImage+DJExtension.h */,
				1834B5051B5DE9DB0072EE82 /* UIImage+DJExtension.m */,
				1834B5131B5DF31B0072EE82 /* NSArray+DJExtension.h */,
				1834B5141B5DF31B0072EE82 /* NSArray+DJExtension.m */,
				1834B5161B5DF49B0072EE82 /* NSObject+DJTypeConversion.h */,
				1834B5171B5DF49B0072EE82 /* NSObject+DJTypeConversion.m */,
				1834B5191B5DF5620072EE82 /* NSObject+DJJSON.h */,
				1834B51A1B5DF5620072EE82 /* NSObject+DJJSON.m */,
				1834B51C1B5DF6670072EE82 /* NSDictionary+DJExtension.h */,
				1834B51D1B5DF6670072EE82 /* NSDictionary+DJExtension.m */,
				1834B50D1B5DF0D30072EE82 /* DJ_Runtime.h */,
				1834B50E1B5DF0D30072EE82 /* DJ_Runtime.m */,
				1834B5101B5DF1590072EE82 /* DJ_Singleton.h */,
				1834B5111B5DF1590072EE82 /* DJ_Singleton.m */,
			);
			name = SystemExtension;
			sourceTree = "<group>";
		};
		3806633AE2279D7C1452F611 /* Pods */ = {
			isa = PBXGroup;
			children = (
				B98CED9906C52E155D4DEE80 /* Pods.debug.xcconfig */,
				C73C0870739702F881821131 /* Pods.release.xcconfig */,
			);
			name = Pods;
			sourceTree = "<group>";
		};
		54C90DEC0541EF93DF97DD25 /* Frameworks */ = {
			isa = PBXGroup;
			children = (
				1834B4FE1B5DDE770072EE82 /* QuartzCore.framework */,
				18FC2E321B5CF306000F805C /* CoreMedia.framework */,
				18FC2E211B5CEC39000F805C /* libxml2.dylib */,
				423C463FF7D0B87DC8CC9992 /* libPods.a */,
			);
			name = Frameworks;
			sourceTree = "<group>";
		};
/* End PBXGroup section */

/* Begin PBXNativeTarget section */
		18CF8BE61B452FF700520270 /* DJ_Framework */ = {
			isa = PBXNativeTarget;
			buildConfigurationList = 18CF8C0A1B452FF700520270 /* Build configuration list for PBXNativeTarget "DJ_Framework" */;
			buildPhases = (
				F1934F563ABDEF526FB98FD5 /* Check Pods Manifest.lock */,
				18CF8BE31B452FF700520270 /* Sources */,
				18CF8BE41B452FF700520270 /* Frameworks */,
				18CF8BE51B452FF700520270 /* Resources */,
				98154EB2D51E4A93EB89F753 /* Copy Pods Resources */,
			);
			buildRules = (
			);
			dependencies = (
			);
			name = DJ_Framework;
			productName = DJ_Framework;
			productReference = 18CF8BE71B452FF700520270 /* DJ_Framework.app */;
			productType = "com.apple.product-type.application";
		};
		18CF8BFF1B452FF700520270 /* DJ_FrameworkTests */ = {
			isa = PBXNativeTarget;
			buildConfigurationList = 18CF8C0D1B452FF700520270 /* Build configuration list for PBXNativeTarget "DJ_FrameworkTests" */;
			buildPhases = (
				18CF8BFC1B452FF700520270 /* Sources */,
				18CF8BFD1B452FF700520270 /* Frameworks */,
				18CF8BFE1B452FF700520270 /* Resources */,
			);
			buildRules = (
			);
			dependencies = (
				18CF8C021B452FF700520270 /* PBXTargetDependency */,
			);
			name = DJ_FrameworkTests;
			productName = DJ_FrameworkTests;
			productReference = 18CF8C001B452FF700520270 /* DJ_FrameworkTests.xctest */;
			productType = "com.apple.product-type.bundle.unit-test";
		};
/* End PBXNativeTarget section */

/* Begin PBXProject section */
		18CF8BDF1B452FF700520270 /* Project object */ = {
			isa = PBXProject;
			attributes = {
				LastUpgradeCheck = 0630;
				ORGANIZATIONNAME = Donny.Justin;
				TargetAttributes = {
					18CF8BE61B452FF700520270 = {
						CreatedOnToolsVersion = 6.3.2;
					};
					18CF8BFF1B452FF700520270 = {
						CreatedOnToolsVersion = 6.3.2;
						TestTargetID = 18CF8BE61B452FF700520270;
					};
				};
			};
			buildConfigurationList = 18CF8BE21B452FF700520270 /* Build configuration list for PBXProject "DJ_Framework" */;
			compatibilityVersion = "Xcode 3.2";
			developmentRegion = English;
			hasScannedForEncodings = 0;
			knownRegions = (
				en,
				Base,
			);
			mainGroup = 18CF8BDE1B452FF700520270;
			productRefGroup = 18CF8BE81B452FF700520270 /* Products */;
			projectDirPath = "";
			projectRoot = "";
			targets = (
				18CF8BE61B452FF700520270 /* DJ_Framework */,
				18CF8BFF1B452FF700520270 /* DJ_FrameworkTests */,
			);
		};
/* End PBXProject section */

/* Begin PBXResourcesBuildPhase section */
		18CF8BE51B452FF700520270 /* Resources */ = {
			isa = PBXResourcesBuildPhase;
			buildActionMask = 2147483647;
			files = (
				18D00C7C1B465EE5006556E8 /* greenButton@2x.png in Resources */,
				18D00C1D1B461F24006556E8 /* newUser_red@2x.png in Resources */,
				18D00C7D1B465EE5006556E8 /* lightGray_btn.png in Resources */,
				18D00C081B461F24006556E8 /* discover_red@3x.png in Resources */,
				18D00C181B461F24006556E8 /* new_red@3x.png in Resources */,
				18D00C0C1B461F24006556E8 /* main_red@2x.png in Resources */,
				18D00C0F1B461F24006556E8 /* main@3x.png in Resources */,
				18D00C1C1B461F24006556E8 /* newUser_red.png in Resources */,
				18CF8C3D1B4542F300520270 /* 666.jpg in Resources */,
				18D00C0E1B461F24006556E8 /* main@2x.png in Resources */,
				18D00C211B461F24006556E8 /* wholesale_market_red@3x.png in Resources */,
				18D00C071B461F24006556E8 /* discover_red@2x.png in Resources */,
				18CF8C371B4542F300520270 /* 7.jpg in Resources */,
				18D00C121B461F24006556E8 /* myself_red@3x.png in Resources */,
				18D00C261B461F24006556E8 /* wholesalemarket@2x.png in Resources */,
				18D00C7E1B465EE5006556E8 /* lightGray_btn@2x.png in Resources */,
				18CF8C391B4542F300520270 /* 222.jpg in Resources */,
				18D00C1B1B461F24006556E8 /* new@3x.png in Resources */,
				18D00C251B461F24006556E8 /* wholesalemarket_red@3x.png in Resources */,
				18CF8C341B4542F300520270 /* 4.jpg in Resources */,
				18CF8C321B4542F300520270 /* 2.jpg in Resources */,
				18CF8C301B4542F300520270 /* 0.jpg in Resources */,
				18D00C091B461F24006556E8 /* discover.png in Resources */,
				18D00C131B461F24006556E8 /* myself.png in Resources */,
				18D00C1A1B461F24006556E8 /* new@2x.png in Resources */,
				18CF8C351B4542F300520270 /* 5.jpg in Resources */,
				18D00C221B461F24006556E8 /* wholesale_market@2x.png in Resources */,
				18D00C7A1B465EE5006556E8 /* greenButton_highlighted@2x.png in Resources */,
				18CF8C361B4542F300520270 /* 6.jpg in Resources */,
				18D00C7B1B465EE5006556E8 /* greenButton.png in Resources */,
				18D00C061B461F24006556E8 /* discover_red.png in Resources */,
				18D00C791B465EE5006556E8 /* greenButton_highlighted.png in Resources */,
				18D00C0A1B461F24006556E8 /* discover@2x.png in Resources */,
				18D00C0D1B461F24006556E8 /* main_red@3x.png in Resources */,
				18D00C151B461F24006556E8 /* myself@3x.png in Resources */,
				18CF8BF61B452FF700520270 /* Main.storyboard in Resources */,
				18D00C781B465EE5006556E8 /* gray_btn@2x.png in Resources */,
				18D00C231B461F24006556E8 /* wholesale_market@3x.png in Resources */,
				18CF8BFB1B452FF700520270 /* LaunchScreen.xib in Resources */,
				18CF8C3A1B4542F300520270 /* 333.jpg in Resources */,
				18D00C111B461F24006556E8 /* myself_red@2x.png in Resources */,
				18CF8BF81B452FF700520270 /* Images.xcassets in Resources */,
				18CF8C3C1B4542F300520270 /* 555.jpeg in Resources */,
				18D00C271B461F24006556E8 /* wholesalemarket@3x.png in Resources */,
				18CF8C381B4542F300520270 /* 111.jpg in Resources */,
				18D00C771B465EE5006556E8 /* gray_btn.png in Resources */,
				18D00C171B461F24006556E8 /* new_red@2x.png in Resources */,
				18CF8C3B1B4542F300520270 /* 444.jpg in Resources */,
				18D00C1E1B461F24006556E8 /* newUser.png in Resources */,
				18D00C0B1B461F24006556E8 /* discover@3x.png in Resources */,
				18D00C1F1B461F24006556E8 /* newUser@2x.png in Resources */,
				18D00C241B461F24006556E8 /* wholesalemarket_red@2x.png in Resources */,
				18CF8C331B4542F300520270 /* 3.jpg in Resources */,
				18D00C161B461F24006556E8 /* new_red.png in Resources */,
				18D00C101B461F24006556E8 /* myself_red.png in Resources */,
				18D00C191B461F24006556E8 /* new.png in Resources */,
				18CF8C311B4542F300520270 /* 1.jpg in Resources */,
				18D00C141B461F24006556E8 /* myself@2x.png in Resources */,
				18D00C201B461F24006556E8 /* wholesale_market_red@2x.png in Resources */,
				18CF8C3E1B4542F300520270 /* 013834909.jpg in Resources */,
			);
			runOnlyForDeploymentPostprocessing = 0;
		};
		18CF8BFE1B452FF700520270 /* Resources */ = {
			isa = PBXResourcesBuildPhase;
			buildActionMask = 2147483647;
			files = (
			);
			runOnlyForDeploymentPostprocessing = 0;
		};
/* End PBXResourcesBuildPhase section */

/* Begin PBXShellScriptBuildPhase section */
		98154EB2D51E4A93EB89F753 /* Copy Pods Resources */ = {
			isa = PBXShellScriptBuildPhase;
			buildActionMask = 2147483647;
			files = (
			);
			inputPaths = (
			);
			name = "Copy Pods Resources";
			outputPaths = (
			);
			runOnlyForDeploymentPostprocessing = 0;
			shellPath = /bin/sh;
			shellScript = "\"${SRCROOT}/Pods/Target Support Files/Pods/Pods-resources.sh\"\n";
			showEnvVarsInLog = 0;
		};
		F1934F563ABDEF526FB98FD5 /* Check Pods Manifest.lock */ = {
			isa = PBXShellScriptBuildPhase;
			buildActionMask = 2147483647;
			files = (
			);
			inputPaths = (
			);
			name = "Check Pods Manifest.lock";
			outputPaths = (
			);
			runOnlyForDeploymentPostprocessing = 0;
			shellPath = /bin/sh;
			shellScript = "diff \"${PODS_ROOT}/../Podfile.lock\" \"${PODS_ROOT}/Manifest.lock\" > /dev/null\nif [[ $? != 0 ]] ; then\n    cat << EOM\nerror: The sandbox is not in sync with the Podfile.lock. Run 'pod install' or update your CocoaPods installation.\nEOM\n    exit 1\nfi\n";
			showEnvVarsInLog = 0;
		};
/* End PBXShellScriptBuildPhase section */

/* Begin PBXSourcesBuildPhase section */
		18CF8BE31B452FF700520270 /* Sources */ = {
			isa = PBXSourcesBuildPhase;
			buildActionMask = 2147483647;
			files = (
				18D00C341B462618006556E8 /* DJLoginViewController.m in Sources */,
				1834B4FD1B5DDB0A0072EE82 /* AwesomeMenuItem.m in Sources */,
				18CF8BF31B452FF700520270 /* ViewController.m in Sources */,
				1834B5151B5DF31B0072EE82 /* NSArray+DJExtension.m in Sources */,
				18D00C311B4624F4006556E8 /* DJMakeGuideView.m in Sources */,
				18D00D1E1B467AB5006556E8 /* LTPopButton.m in Sources */,
				18D00C461B4638AF006556E8 /* DJAnalyzer.m in Sources */,
				18FC2E3C1B5CF7B4000F805C /* UIColor+DJExtension.m in Sources */,
				18D00C531B463B21006556E8 /* UIWebView+TS_JavaScriptContext.m in Sources */,
				18D00C401B463793006556E8 /* DJHttpTool.m in Sources */,
				1834B5061B5DE9DB0072EE82 /* UIImage+DJExtension.m in Sources */,
				18CF8C191B4540C200520270 /* DJBaseViewController.m in Sources */,
				1834B51B1B5DF5620072EE82 /* NSObject+DJJSON.m in Sources */,
				1834B4FC1B5DDB0A0072EE82 /* AwesomeMenu.m in Sources */,
				18D00C501B463B14006556E8 /* UIImage+OKW.m in Sources */,
				18D00C2D1B462222006556E8 /* DJUtilities.m in Sources */,
				18D00C5A1B463B88006556E8 /* DJDBQueueManager.m in Sources */,
				18D00C371B462D8F006556E8 /* DJAccountTool.m in Sources */,
				1834B51E1B5DF6670072EE82 /* NSDictionary+DJExtension.m in Sources */,
				1834B5211B5DFA6D0072EE82 /* DJBaseModel.m in Sources */,
				1834B5121B5DF1590072EE82 /* DJ_Singleton.m in Sources */,
				1834B5031B5DDE980072EE82 /* iCarousel.m in Sources */,
				18D00C4A1B463AEB006556E8 /* NSString+OKW.m in Sources */,
				18D00C6A1B463E94006556E8 /* CoreAnimationEffect.m in Sources */,
				18FC2E3F1B5CF9E5000F805C /* NSString+DJExtension.m in Sources */,
				18D00BD91B461D22006556E8 /* FirstViewController.m in Sources */,
				1834B50F1B5DF0D30072EE82 /* DJ_Runtime.m in Sources */,
				18CF8C1F1B45410900520270 /* DJBaseTabBarController.m in Sources */,
				18D00BDC1B461D2E006556E8 /* SecondViewController.m in Sources */,
				18D00C661B463E32006556E8 /* DJMyImageRightButton.m in Sources */,
				18D00BDF1B461D38006556E8 /* ThirdViewController.m in Sources */,
				18D00BE21B461D47006556E8 /* FourthViewController.m in Sources */,
				18D00C4D1B463AFF006556E8 /* UIBarButtonItem+OKW.m in Sources */,
				18CF8BF01B452FF700520270 /* AppDelegate.m in Sources */,
				18D00C6D1B465E4D006556E8 /* DJVerifyButton.m in Sources */,
				18D00C431B463899006556E8 /* DJNetRequest.m in Sources */,
				18CF8BED1B452FF700520270 /* main.m in Sources */,
				18D00C631B463DFD006556E8 /* DJMyButton.m in Sources */,
				1834B5181B5DF49B0072EE82 /* NSObject+DJTypeConversion.m in Sources */,
				18CF8C1C1B4540E900520270 /* DJBaseNavigationController.m in Sources */,
				18D00C2A1B4621DD006556E8 /* DJUserConfig.m in Sources */,
			);
			runOnlyForDeploymentPostprocessing = 0;
		};
		18CF8BFC1B452FF700520270 /* Sources */ = {
			isa = PBXSourcesBuildPhase;
			buildActionMask = 2147483647;
			files = (
				18CF8C071B452FF700520270 /* DJ_FrameworkTests.m in Sources */,
			);
			runOnlyForDeploymentPostprocessing = 0;
		};
/* End PBXSourcesBuildPhase section */

/* Begin PBXTargetDependency section */
		18CF8C021B452FF700520270 /* PBXTargetDependency */ = {
			isa = PBXTargetDependency;
			target = 18CF8BE61B452FF700520270 /* DJ_Framework */;
			targetProxy = 18CF8C011B452FF700520270 /* PBXContainerItemProxy */;
		};
/* End PBXTargetDependency section */

/* Begin PBXVariantGroup section */
		18CF8BF41B452FF700520270 /* Main.storyboard */ = {
			isa = PBXVariantGroup;
			children = (
				18CF8BF51B452FF700520270 /* Base */,
			);
			name = Main.storyboard;
			sourceTree = "<group>";
		};
		18CF8BF91B452FF700520270 /* LaunchScreen.xib */ = {
			isa = PBXVariantGroup;
			children = (
				18CF8BFA1B452FF700520270 /* Base */,
			);
			name = LaunchScreen.xib;
			sourceTree = "<group>";
		};
/* End PBXVariantGroup section */

/* Begin XCBuildConfiguration section */
		18CF8C081B452FF700520270 /* Debug */ = {
			isa = XCBuildConfiguration;
			buildSettings = {
				ALWAYS_SEARCH_USER_PATHS = NO;
				CLANG_CXX_LANGUAGE_STANDARD = "gnu++0x";
				CLANG_CXX_LIBRARY = "libc++";
				CLANG_ENABLE_MODULES = YES;
				CLANG_ENABLE_OBJC_ARC = YES;
				CLANG_WARN_BOOL_CONVERSION = YES;
				CLANG_WARN_CONSTANT_CONVERSION = YES;
				CLANG_WARN_DIRECT_OBJC_ISA_USAGE = YES_ERROR;
				CLANG_WARN_EMPTY_BODY = YES;
				CLANG_WARN_ENUM_CONVERSION = YES;
				CLANG_WARN_INT_CONVERSION = YES;
				CLANG_WARN_OBJC_ROOT_CLASS = YES_ERROR;
				CLANG_WARN_UNREACHABLE_CODE = YES;
				CLANG_WARN__DUPLICATE_METHOD_MATCH = YES;
				"CODE_SIGN_IDENTITY[sdk=iphoneos*]" = "iPhone Developer";
				COPY_PHASE_STRIP = NO;
				DEBUG_INFORMATION_FORMAT = "dwarf-with-dsym";
				ENABLE_STRICT_OBJC_MSGSEND = YES;
				GCC_C_LANGUAGE_STANDARD = gnu99;
				GCC_DYNAMIC_NO_PIC = NO;
				GCC_NO_COMMON_BLOCKS = YES;
				GCC_OPTIMIZATION_LEVEL = 0;
				GCC_PREPROCESSOR_DEFINITIONS = (
					"DEBUG=1",
					"$(inherited)",
				);
				GCC_SYMBOLS_PRIVATE_EXTERN = NO;
				GCC_WARN_64_TO_32_BIT_CONVERSION = YES;
				GCC_WARN_ABOUT_RETURN_TYPE = YES_ERROR;
				GCC_WARN_UNDECLARED_SELECTOR = YES;
				GCC_WARN_UNINITIALIZED_AUTOS = YES_AGGRESSIVE;
				GCC_WARN_UNUSED_FUNCTION = YES;
				GCC_WARN_UNUSED_VARIABLE = YES;
				IPHONEOS_DEPLOYMENT_TARGET = 8.3;
				MTL_ENABLE_DEBUG_INFO = YES;
				ONLY_ACTIVE_ARCH = YES;
				SDKROOT = iphoneos;
				TARGETED_DEVICE_FAMILY = "1,2";
			};
			name = Debug;
		};
		18CF8C091B452FF700520270 /* Release */ = {
			isa = XCBuildConfiguration;
			buildSettings = {
				ALWAYS_SEARCH_USER_PATHS = NO;
				CLANG_CXX_LANGUAGE_STANDARD = "gnu++0x";
				CLANG_CXX_LIBRARY = "libc++";
				CLANG_ENABLE_MODULES = YES;
				CLANG_ENABLE_OBJC_ARC = YES;
				CLANG_WARN_BOOL_CONVERSION = YES;
				CLANG_WARN_CONSTANT_CONVERSION = YES;
				CLANG_WARN_DIRECT_OBJC_ISA_USAGE = YES_ERROR;
				CLANG_WARN_EMPTY_BODY = YES;
				CLANG_WARN_ENUM_CONVERSION = YES;
				CLANG_WARN_INT_CONVERSION = YES;
				CLANG_WARN_OBJC_ROOT_CLASS = YES_ERROR;
				CLANG_WARN_UNREACHABLE_CODE = YES;
				CLANG_WARN__DUPLICATE_METHOD_MATCH = YES;
				"CODE_SIGN_IDENTITY[sdk=iphoneos*]" = "iPhone Developer";
				COPY_PHASE_STRIP = NO;
				DEBUG_INFORMATION_FORMAT = "dwarf-with-dsym";
				ENABLE_NS_ASSERTIONS = NO;
				ENABLE_STRICT_OBJC_MSGSEND = YES;
				GCC_C_LANGUAGE_STANDARD = gnu99;
				GCC_NO_COMMON_BLOCKS = YES;
				GCC_WARN_64_TO_32_BIT_CONVERSION = YES;
				GCC_WARN_ABOUT_RETURN_TYPE = YES_ERROR;
				GCC_WARN_UNDECLARED_SELECTOR = YES;
				GCC_WARN_UNINITIALIZED_AUTOS = YES_AGGRESSIVE;
				GCC_WARN_UNUSED_FUNCTION = YES;
				GCC_WARN_UNUSED_VARIABLE = YES;
				IPHONEOS_DEPLOYMENT_TARGET = 8.3;
				MTL_ENABLE_DEBUG_INFO = NO;
				SDKROOT = iphoneos;
				TARGETED_DEVICE_FAMILY = "1,2";
				VALIDATE_PRODUCT = YES;
			};
			name = Release;
		};
		18CF8C0B1B452FF700520270 /* Debug */ = {
			isa = XCBuildConfiguration;
			baseConfigurationReference = B98CED9906C52E155D4DEE80 /* Pods.debug.xcconfig */;
			buildSettings = {
				ASSETCATALOG_COMPILER_APPICON_NAME = AppIcon;
				GCC_PRECOMPILE_PREFIX_HEADER = NO;
				GCC_PREFIX_HEADER = "$(SRCROOT)/DJ_Framework/DJ_Framework-Prefix.pch";
				INFOPLIST_FILE = DJ_Framework/Info.plist;
				LD_RUNPATH_SEARCH_PATHS = "$(inherited) @executable_path/Frameworks";
				PRODUCT_NAME = "$(TARGET_NAME)";
			};
			name = Debug;
		};
		18CF8C0C1B452FF700520270 /* Release */ = {
			isa = XCBuildConfiguration;
			baseConfigurationReference = C73C0870739702F881821131 /* Pods.release.xcconfig */;
			buildSettings = {
				ASSETCATALOG_COMPILER_APPICON_NAME = AppIcon;
				GCC_PRECOMPILE_PREFIX_HEADER = NO;
				GCC_PREFIX_HEADER = "$(SRCROOT)/DJ_Framework/DJ_Framework-Prefix.pch";
				INFOPLIST_FILE = DJ_Framework/Info.plist;
				LD_RUNPATH_SEARCH_PATHS = "$(inherited) @executable_path/Frameworks";
				PRODUCT_NAME = "$(TARGET_NAME)";
			};
			name = Release;
		};
		18CF8C0E1B452FF700520270 /* Debug */ = {
			isa = XCBuildConfiguration;
			buildSettings = {
				BUNDLE_LOADER = "$(TEST_HOST)";
				FRAMEWORK_SEARCH_PATHS = (
					"$(SDKROOT)/Developer/Library/Frameworks",
					"$(inherited)",
				);
				GCC_PREPROCESSOR_DEFINITIONS = (
					"DEBUG=1",
					"$(inherited)",
				);
				INFOPLIST_FILE = DJ_FrameworkTests/Info.plist;
				LD_RUNPATH_SEARCH_PATHS = "$(inherited) @executable_path/Frameworks @loader_path/Frameworks";
				PRODUCT_NAME = "$(TARGET_NAME)";
				TEST_HOST = "$(BUILT_PRODUCTS_DIR)/DJ_Framework.app/DJ_Framework";
			};
			name = Debug;
		};
		18CF8C0F1B452FF700520270 /* Release */ = {
			isa = XCBuildConfiguration;
			buildSettings = {
				BUNDLE_LOADER = "$(TEST_HOST)";
				FRAMEWORK_SEARCH_PATHS = (
					"$(SDKROOT)/Developer/Library/Frameworks",
					"$(inherited)",
				);
				INFOPLIST_FILE = DJ_FrameworkTests/Info.plist;
				LD_RUNPATH_SEARCH_PATHS = "$(inherited) @executable_path/Frameworks @loader_path/Frameworks";
				PRODUCT_NAME = "$(TARGET_NAME)";
				TEST_HOST = "$(BUILT_PRODUCTS_DIR)/DJ_Framework.app/DJ_Framework";
			};
			name = Release;
		};
/* End XCBuildConfiguration section */

/* Begin XCConfigurationList section */
		18CF8BE21B452FF700520270 /* Build configuration list for PBXProject "DJ_Framework" */ = {
			isa = XCConfigurationList;
			buildConfigurations = (
				18CF8C081B452FF700520270 /* Debug */,
				18CF8C091B452FF700520270 /* Release */,
			);
			defaultConfigurationIsVisible = 0;
			defaultConfigurationName = Release;
		};
		18CF8C0A1B452FF700520270 /* Build configuration list for PBXNativeTarget "DJ_Framework" */ = {
			isa = XCConfigurationList;
			buildConfigurations = (
				18CF8C0B1B452FF700520270 /* Debug */,
				18CF8C0C1B452FF700520270 /* Release */,
			);
			defaultConfigurationIsVisible = 0;
			defaultConfigurationName = Release;
		};
		18CF8C0D1B452FF700520270 /* Build configuration list for PBXNativeTarget "DJ_FrameworkTests" */ = {
			isa = XCConfigurationList;
			buildConfigurations = (
				18CF8C0E1B452FF700520270 /* Debug */,
				18CF8C0F1B452FF700520270 /* Release */,
			);
			defaultConfigurationIsVisible = 0;
			defaultConfigurationName = Release;
		};
/* End XCConfigurationList section */
	};
	rootObject = 18CF8BDF1B452FF700520270 /* Project object */;
}
